
Microsoft Visual Studio Solution File, Format Version 12.00
# Visual Studio Version 16
VisualStudioVersion = 16.0.30621.155
MinimumVisualStudioVersion = 10.0.40219.1
Project("{FAE04EC0-301F-11D3-BF4B-00C04F79EFBC}") = "Summitworks_EventManager", "Summitworks_EventManager\Summitworks_EventManager.csproj", "{D3B590A9-7FB3-49AD-9FCE-4DC18B994DC6}"
EndProject
Global
	GlobalSection(SolutionConfigurationPlatforms) = preSolution
		Debug|Any CPU = Debug|Any CPU
		Release|Any CPU = Release|Any CPU
	EndGlobalSection
	GlobalSection(ProjectConfigurationPlatforms) = postSolution
		{D3B590A9-7FB3-49AD-9FCE-4DC18B994DC6}.Debug|Any CPU.ActiveCfg = Debug|Any CPU
		{D3B590A9-7FB3-49AD-9FCE-4DC18B994DC6}.Debug|Any CPU.Build.0 = Debug|Any CPU
		{D3B590A9-7FB3-49AD-9FCE-4DC18B994DC6}.Release|Any CPU.ActiveCfg = Release|Any CPU
		{D3B590A9-7FB3-49AD-9FCE-4DC18B994DC6}.Release|Any CPU.Build.0 = Release|Any CPU
	EndGlobalSection
	GlobalSection(SolutionProperties) = preSolution
		HideSolutionNode = FALSE
	EndGlobalSection
	GlobalSection(ExtensibilityGlobals) = postSolution
		SolutionGuid = {80D8C808-C43B-44F9-AE5C-8ED4A9C21BB8}
	EndGlobalSection
EndGlobal
