
Microsoft Visual Studio Solution File, Format Version 12.00
# Visual Studio Version 16
VisualStudioVersion = 16.0.30621.155
MinimumVisualStudioVersion = 10.0.40219.1
Project("{FAE04EC0-301F-11D3-BF4B-00C04F79EFBC}") = "Enhanced If Statement - Ternary Operator - Challenge", "Enhanced If Statement - Ternary Operator - Challenge\Enhanced If Statement - Ternary Operator - Challenge.csproj", "{6A92A70A-BCA6-4C86-829A-B16E8F639851}"
EndProject
Global
	GlobalSection(SolutionConfigurationPlatforms) = preSolution
		Debug|Any CPU = Debug|Any CPU
		Release|Any CPU = Release|Any CPU
	EndGlobalSection
	GlobalSection(ProjectConfigurationPlatforms) = postSolution
		{6A92A70A-BCA6-4C86-829A-B16E8F639851}.Debug|Any CPU.ActiveCfg = Debug|Any CPU
		{6A92A70A-BCA6-4C86-829A-B16E8F639851}.Debug|Any CPU.Build.0 = Debug|Any CPU
		{6A92A70A-BCA6-4C86-829A-B16E8F639851}.Release|Any CPU.ActiveCfg = Release|Any CPU
		{6A92A70A-BCA6-4C86-829A-B16E8F639851}.Release|Any CPU.Build.0 = Release|Any CPU
	EndGlobalSection
	GlobalSection(SolutionProperties) = preSolution
		HideSolutionNode = FALSE
	EndGlobalSection
	GlobalSection(ExtensibilityGlobals) = postSolution
		SolutionGuid = {422ADF6E-31A3-4DB9-AA2E-DB57FC7B9CDF}
	EndGlobalSection
EndGlobal
