
Microsoft Visual Studio Solution File, Format Version 12.00
# Visual Studio Version 16
VisualStudioVersion = 16.0.30621.155
MinimumVisualStudioVersion = 10.0.40219.1
Project("{FAE04EC0-301F-11D3-BF4B-00C04F79EFBC}") = "GroceryStore", "Grocer.ly\GroceryStore.csproj", "{D59542AB-872A-4EBC-8728-0912E2F434B9}"
EndProject
Global
	GlobalSection(SolutionConfigurationPlatforms) = preSolution
		Debug|Any CPU = Debug|Any CPU
		Release|Any CPU = Release|Any CPU
	EndGlobalSection
	GlobalSection(ProjectConfigurationPlatforms) = postSolution
		{D59542AB-872A-4EBC-8728-0912E2F434B9}.Debug|Any CPU.ActiveCfg = Debug|Any CPU
		{D59542AB-872A-4EBC-8728-0912E2F434B9}.Debug|Any CPU.Build.0 = Debug|Any CPU
		{D59542AB-872A-4EBC-8728-0912E2F434B9}.Release|Any CPU.ActiveCfg = Release|Any CPU
		{D59542AB-872A-4EBC-8728-0912E2F434B9}.Release|Any CPU.Build.0 = Release|Any CPU
	EndGlobalSection
	GlobalSection(SolutionProperties) = preSolution
		HideSolutionNode = FALSE
	EndGlobalSection
	GlobalSection(ExtensibilityGlobals) = postSolution
		SolutionGuid = {C2A87B30-5DC2-40BA-9725-D3B134BA1DC4}
	EndGlobalSection
EndGlobal
