
Microsoft Visual Studio Solution File, Format Version 12.00
# Visual Studio Version 16
VisualStudioVersion = 16.0.30621.155
MinimumVisualStudioVersion = 10.0.40219.1
Project("{FAE04EC0-301F-11D3-BF4B-00C04F79EFBC}") = "TestAppMVC", "TestAppMVC\TestAppMVC.csproj", "{E979739B-A33D-4FBA-8E1C-7C625C89223A}"
EndProject
Global
	GlobalSection(SolutionConfigurationPlatforms) = preSolution
		Debug|Any CPU = Debug|Any CPU
		Release|Any CPU = Release|Any CPU
	EndGlobalSection
	GlobalSection(ProjectConfigurationPlatforms) = postSolution
		{E979739B-A33D-4FBA-8E1C-7C625C89223A}.Debug|Any CPU.ActiveCfg = Debug|Any CPU
		{E979739B-A33D-4FBA-8E1C-7C625C89223A}.Debug|Any CPU.Build.0 = Debug|Any CPU
		{E979739B-A33D-4FBA-8E1C-7C625C89223A}.Release|Any CPU.ActiveCfg = Release|Any CPU
		{E979739B-A33D-4FBA-8E1C-7C625C89223A}.Release|Any CPU.Build.0 = Release|Any CPU
	EndGlobalSection
	GlobalSection(SolutionProperties) = preSolution
		HideSolutionNode = FALSE
	EndGlobalSection
	GlobalSection(ExtensibilityGlobals) = postSolution
		SolutionGuid = {DC6F5776-AD32-48D0-9A80-7CFD88DA9340}
	EndGlobalSection
EndGlobal
