
Microsoft Visual Studio Solution File, Format Version 12.00
# Visual Studio Version 16
VisualStudioVersion = 16.0.30621.155
MinimumVisualStudioVersion = 10.0.40219.1
Project("{FAE04EC0-301F-11D3-BF4B-00C04F79EFBC}") = "Loops Challenge Average", "Loops Challenge Average\Loops Challenge Average.csproj", "{42922E62-A815-4426-8909-80A31A96F226}"
EndProject
Global
	GlobalSection(SolutionConfigurationPlatforms) = preSolution
		Debug|Any CPU = Debug|Any CPU
		Release|Any CPU = Release|Any CPU
	EndGlobalSection
	GlobalSection(ProjectConfigurationPlatforms) = postSolution
		{42922E62-A815-4426-8909-80A31A96F226}.Debug|Any CPU.ActiveCfg = Debug|Any CPU
		{42922E62-A815-4426-8909-80A31A96F226}.Debug|Any CPU.Build.0 = Debug|Any CPU
		{42922E62-A815-4426-8909-80A31A96F226}.Release|Any CPU.ActiveCfg = Release|Any CPU
		{42922E62-A815-4426-8909-80A31A96F226}.Release|Any CPU.Build.0 = Release|Any CPU
	EndGlobalSection
	GlobalSection(SolutionProperties) = preSolution
		HideSolutionNode = FALSE
	EndGlobalSection
	GlobalSection(ExtensibilityGlobals) = postSolution
		SolutionGuid = {733EE40E-C31D-4E74-AD1C-CF96BF801844}
	EndGlobalSection
EndGlobal
